
Microsoft Visual Studio Solution File, Format Version 12.00
# Visual Studio Version 17
VisualStudioVersion = 17.11.35219.272
MinimumVisualStudioVersion = 10.0.40219.1
Project("{FAE04EC0-301F-11D3-BF4B-00C04F79EFBC}") = "FinalProjectAPI", "FinalProject\FinalProjectAPI.csproj", "{4DF37DAB-2501-4D75-937C-578363A2EA86}"
EndProject
Global
	GlobalSection(SolutionConfigurationPlatforms) = preSolution
		Debug|Any CPU = Debug|Any CPU
		Release|Any CPU = Release|Any CPU
	EndGlobalSection
	GlobalSection(ProjectConfigurationPlatforms) = postSolution
		{4DF37DAB-2501-4D75-937C-578363A2EA86}.Debug|Any CPU.ActiveCfg = Debug|Any CPU
		{4DF37DAB-2501-4D75-937C-578363A2EA86}.Debug|Any CPU.Build.0 = Debug|Any CPU
		{4DF37DAB-2501-4D75-937C-578363A2EA86}.Release|Any CPU.ActiveCfg = Release|Any CPU
		{4DF37DAB-2501-4D75-937C-578363A2EA86}.Release|Any CPU.Build.0 = Release|Any CPU
	EndGlobalSection
	GlobalSection(SolutionProperties) = preSolution
		HideSolutionNode = FALSE
	EndGlobalSection
	GlobalSection(ExtensibilityGlobals) = postSolution
		SolutionGuid = {44966A5C-AC74-4D86-93E9-2A175928A433}
	EndGlobalSection
EndGlobal
